
Microsoft Visual Studio Solution File, Format Version 12.00
# Visual Studio 15
VisualStudioVersion = 15.0.28307.572
MinimumVisualStudioVersion = 10.0.40219.1
Project("{FAE04EC0-301F-11D3-BF4B-00C04F79EFBC}") = "Task 1", "Task 1\Task 1.csproj", "{EF8C13F5-2C40-4E14-9E32-692B514A3EBC}"
EndProject
Project("{FAE04EC0-301F-11D3-BF4B-00C04F79EFBC}") = "Task 2", "Task 2\Task 2.csproj", "{181B2F6D-BF24-4C52-B8A0-C0EBB9FD54A4}"
EndProject
Global
	GlobalSection(SolutionConfigurationPlatforms) = preSolution
		Debug|Any CPU = Debug|Any CPU
		Release|Any CPU = Release|Any CPU
	EndGlobalSection
	GlobalSection(ProjectConfigurationPlatforms) = postSolution
		{EF8C13F5-2C40-4E14-9E32-692B514A3EBC}.Debug|Any CPU.ActiveCfg = Debug|Any CPU
		{EF8C13F5-2C40-4E14-9E32-692B514A3EBC}.Debug|Any CPU.Build.0 = Debug|Any CPU
		{EF8C13F5-2C40-4E14-9E32-692B514A3EBC}.Release|Any CPU.ActiveCfg = Release|Any CPU
		{EF8C13F5-2C40-4E14-9E32-692B514A3EBC}.Release|Any CPU.Build.0 = Release|Any CPU
		{181B2F6D-BF24-4C52-B8A0-C0EBB9FD54A4}.Debug|Any CPU.ActiveCfg = Debug|Any CPU
		{181B2F6D-BF24-4C52-B8A0-C0EBB9FD54A4}.Debug|Any CPU.Build.0 = Debug|Any CPU
		{181B2F6D-BF24-4C52-B8A0-C0EBB9FD54A4}.Release|Any CPU.ActiveCfg = Release|Any CPU
		{181B2F6D-BF24-4C52-B8A0-C0EBB9FD54A4}.Release|Any CPU.Build.0 = Release|Any CPU
	EndGlobalSection
	GlobalSection(SolutionProperties) = preSolution
		HideSolutionNode = FALSE
	EndGlobalSection
	GlobalSection(ExtensibilityGlobals) = postSolution
		SolutionGuid = {2CA3F753-06AF-428F-9AA9-BC649C5D4695}
	EndGlobalSection
EndGlobal
