
Microsoft Visual Studio Solution File, Format Version 12.00
# Visual Studio 15
VisualStudioVersion = 15.0.28307.572
MinimumVisualStudioVersion = 10.0.40219.1
Project("{FAE04EC0-301F-11D3-BF4B-00C04F79EFBC}") = "Task 1", "Task 1\Task 1.csproj", "{54401328-5713-4263-B3EA-4B6B0540EF89}"
EndProject
Project("{FAE04EC0-301F-11D3-BF4B-00C04F79EFBC}") = "Task 2 Delegates", "Task 2\Task 2 Delegates.csproj", "{0C25DC30-2DAD-493B-A55B-CB28A88E022E}"
EndProject
Project("{FAE04EC0-301F-11D3-BF4B-00C04F79EFBC}") = "Task 3 Delegates", "Task 3 Delegates\Task 3 Delegates.csproj", "{51CE492B-FE7D-4D9A-B332-DEE5951EC685}"
EndProject
Project("{FAE04EC0-301F-11D3-BF4B-00C04F79EFBC}") = "Task 4 Комбинированные или груповые делегаты", "Task 4 Комбинированные или груповые делегаты\Task 4 Комбинированные или груповые делегаты.csproj", "{0D3F16CE-E854-4AEE-9294-7DB071C70C7E}"
EndProject
Project("{FAE04EC0-301F-11D3-BF4B-00C04F79EFBC}") = "Task 5 Анонимные методы", "Task 5 Анонимные методы\Task 5 Анонимные методы.csproj", "{0521DB07-B24A-4810-953F-AC1DCAB598F1}"
EndProject
Project("{FAE04EC0-301F-11D3-BF4B-00C04F79EFBC}") = "Task 6 Анонимные методы", "Task 6 Анонимные методы\Task 6 Анонимные методы.csproj", "{B033DE49-F389-4B59-A6B7-40151D8CD118}"
EndProject
Project("{FAE04EC0-301F-11D3-BF4B-00C04F79EFBC}") = "Task 7 Лямбда", "Task 7 Лямбда\Task 7 Лямбда.csproj", "{A4FCED36-F8CA-48BD-B319-1BAA0807764A}"
EndProject
Project("{FAE04EC0-301F-11D3-BF4B-00C04F79EFBC}") = "Task 8 лямбды", "Task 8 лямбды\Task 8 лямбды.csproj", "{9E4C9E91-1ED7-4CA3-B61F-0FA29991258F}"
EndProject
Project("{FAE04EC0-301F-11D3-BF4B-00C04F79EFBC}") = "Task 9 ДЕлегаты", "Task 9 ДЕлегаты\Task 9 ДЕлегаты.csproj", "{4A8C2301-7684-45BA-B85D-5C642ECE68BC}"
EndProject
Project("{FAE04EC0-301F-11D3-BF4B-00C04F79EFBC}") = "Task 10", "Task 10\Task 10.csproj", "{0BDEFF68-3DE5-44CE-9B7C-F296F3C4516D}"
EndProject
Project("{FAE04EC0-301F-11D3-BF4B-00C04F79EFBC}") = "Task 11", "Task 11\Task 11.csproj", "{AF5B907F-98FF-4079-81E5-91F474D9F80F}"
EndProject
Project("{FAE04EC0-301F-11D3-BF4B-00C04F79EFBC}") = "Task 12 Обобщенные делегаты", "Task 12 Обобщенные делегаты\Task 12 Обобщенные делегаты.csproj", "{A6692B01-70D7-4E44-B319-1153E2866080}"
EndProject
Global
	GlobalSection(SolutionConfigurationPlatforms) = preSolution
		Debug|Any CPU = Debug|Any CPU
		Release|Any CPU = Release|Any CPU
	EndGlobalSection
	GlobalSection(ProjectConfigurationPlatforms) = postSolution
		{54401328-5713-4263-B3EA-4B6B0540EF89}.Debug|Any CPU.ActiveCfg = Debug|Any CPU
		{54401328-5713-4263-B3EA-4B6B0540EF89}.Debug|Any CPU.Build.0 = Debug|Any CPU
		{54401328-5713-4263-B3EA-4B6B0540EF89}.Release|Any CPU.ActiveCfg = Release|Any CPU
		{54401328-5713-4263-B3EA-4B6B0540EF89}.Release|Any CPU.Build.0 = Release|Any CPU
		{0C25DC30-2DAD-493B-A55B-CB28A88E022E}.Debug|Any CPU.ActiveCfg = Debug|Any CPU
		{0C25DC30-2DAD-493B-A55B-CB28A88E022E}.Debug|Any CPU.Build.0 = Debug|Any CPU
		{0C25DC30-2DAD-493B-A55B-CB28A88E022E}.Release|Any CPU.ActiveCfg = Release|Any CPU
		{0C25DC30-2DAD-493B-A55B-CB28A88E022E}.Release|Any CPU.Build.0 = Release|Any CPU
		{51CE492B-FE7D-4D9A-B332-DEE5951EC685}.Debug|Any CPU.ActiveCfg = Debug|Any CPU
		{51CE492B-FE7D-4D9A-B332-DEE5951EC685}.Debug|Any CPU.Build.0 = Debug|Any CPU
		{51CE492B-FE7D-4D9A-B332-DEE5951EC685}.Release|Any CPU.ActiveCfg = Release|Any CPU
		{51CE492B-FE7D-4D9A-B332-DEE5951EC685}.Release|Any CPU.Build.0 = Release|Any CPU
		{0D3F16CE-E854-4AEE-9294-7DB071C70C7E}.Debug|Any CPU.ActiveCfg = Debug|Any CPU
		{0D3F16CE-E854-4AEE-9294-7DB071C70C7E}.Debug|Any CPU.Build.0 = Debug|Any CPU
		{0D3F16CE-E854-4AEE-9294-7DB071C70C7E}.Release|Any CPU.ActiveCfg = Release|Any CPU
		{0D3F16CE-E854-4AEE-9294-7DB071C70C7E}.Release|Any CPU.Build.0 = Release|Any CPU
		{0521DB07-B24A-4810-953F-AC1DCAB598F1}.Debug|Any CPU.ActiveCfg = Debug|Any CPU
		{0521DB07-B24A-4810-953F-AC1DCAB598F1}.Debug|Any CPU.Build.0 = Debug|Any CPU
		{0521DB07-B24A-4810-953F-AC1DCAB598F1}.Release|Any CPU.ActiveCfg = Release|Any CPU
		{0521DB07-B24A-4810-953F-AC1DCAB598F1}.Release|Any CPU.Build.0 = Release|Any CPU
		{B033DE49-F389-4B59-A6B7-40151D8CD118}.Debug|Any CPU.ActiveCfg = Debug|Any CPU
		{B033DE49-F389-4B59-A6B7-40151D8CD118}.Debug|Any CPU.Build.0 = Debug|Any CPU
		{B033DE49-F389-4B59-A6B7-40151D8CD118}.Release|Any CPU.ActiveCfg = Release|Any CPU
		{B033DE49-F389-4B59-A6B7-40151D8CD118}.Release|Any CPU.Build.0 = Release|Any CPU
		{A4FCED36-F8CA-48BD-B319-1BAA0807764A}.Debug|Any CPU.ActiveCfg = Debug|Any CPU
		{A4FCED36-F8CA-48BD-B319-1BAA0807764A}.Debug|Any CPU.Build.0 = Debug|Any CPU
		{A4FCED36-F8CA-48BD-B319-1BAA0807764A}.Release|Any CPU.ActiveCfg = Release|Any CPU
		{A4FCED36-F8CA-48BD-B319-1BAA0807764A}.Release|Any CPU.Build.0 = Release|Any CPU
		{9E4C9E91-1ED7-4CA3-B61F-0FA29991258F}.Debug|Any CPU.ActiveCfg = Debug|Any CPU
		{9E4C9E91-1ED7-4CA3-B61F-0FA29991258F}.Debug|Any CPU.Build.0 = Debug|Any CPU
		{9E4C9E91-1ED7-4CA3-B61F-0FA29991258F}.Release|Any CPU.ActiveCfg = Release|Any CPU
		{9E4C9E91-1ED7-4CA3-B61F-0FA29991258F}.Release|Any CPU.Build.0 = Release|Any CPU
		{4A8C2301-7684-45BA-B85D-5C642ECE68BC}.Debug|Any CPU.ActiveCfg = Debug|Any CPU
		{4A8C2301-7684-45BA-B85D-5C642ECE68BC}.Debug|Any CPU.Build.0 = Debug|Any CPU
		{4A8C2301-7684-45BA-B85D-5C642ECE68BC}.Release|Any CPU.ActiveCfg = Release|Any CPU
		{4A8C2301-7684-45BA-B85D-5C642ECE68BC}.Release|Any CPU.Build.0 = Release|Any CPU
		{0BDEFF68-3DE5-44CE-9B7C-F296F3C4516D}.Debug|Any CPU.ActiveCfg = Debug|Any CPU
		{0BDEFF68-3DE5-44CE-9B7C-F296F3C4516D}.Debug|Any CPU.Build.0 = Debug|Any CPU
		{0BDEFF68-3DE5-44CE-9B7C-F296F3C4516D}.Release|Any CPU.ActiveCfg = Release|Any CPU
		{0BDEFF68-3DE5-44CE-9B7C-F296F3C4516D}.Release|Any CPU.Build.0 = Release|Any CPU
		{AF5B907F-98FF-4079-81E5-91F474D9F80F}.Debug|Any CPU.ActiveCfg = Debug|Any CPU
		{AF5B907F-98FF-4079-81E5-91F474D9F80F}.Debug|Any CPU.Build.0 = Debug|Any CPU
		{AF5B907F-98FF-4079-81E5-91F474D9F80F}.Release|Any CPU.ActiveCfg = Release|Any CPU
		{AF5B907F-98FF-4079-81E5-91F474D9F80F}.Release|Any CPU.Build.0 = Release|Any CPU
		{A6692B01-70D7-4E44-B319-1153E2866080}.Debug|Any CPU.ActiveCfg = Debug|Any CPU
		{A6692B01-70D7-4E44-B319-1153E2866080}.Debug|Any CPU.Build.0 = Debug|Any CPU
		{A6692B01-70D7-4E44-B319-1153E2866080}.Release|Any CPU.ActiveCfg = Release|Any CPU
		{A6692B01-70D7-4E44-B319-1153E2866080}.Release|Any CPU.Build.0 = Release|Any CPU
	EndGlobalSection
	GlobalSection(SolutionProperties) = preSolution
		HideSolutionNode = FALSE
	EndGlobalSection
	GlobalSection(ExtensibilityGlobals) = postSolution
		SolutionGuid = {ECDFD8C2-3F81-4853-B812-F94C600F759F}
	EndGlobalSection
EndGlobal
