
Microsoft Visual Studio Solution File, Format Version 12.00
# Visual Studio 15
VisualStudioVersion = 15.0.28307.421
MinimumVisualStudioVersion = 10.0.40219.1
Project("{FAE04EC0-301F-11D3-BF4B-00C04F79EFBC}") = "Task 1", "Task 1\Task 1.csproj", "{ECF3F513-1483-42A7-BAF3-6CEED739B787}"
EndProject
Project("{FAE04EC0-301F-11D3-BF4B-00C04F79EFBC}") = "Task 2", "Task 2\Task 2.csproj", "{409DA8EC-6613-4C33-B679-541084E2DFF0}"
EndProject
Global
	GlobalSection(SolutionConfigurationPlatforms) = preSolution
		Debug|Any CPU = Debug|Any CPU
		Release|Any CPU = Release|Any CPU
	EndGlobalSection
	GlobalSection(ProjectConfigurationPlatforms) = postSolution
		{ECF3F513-1483-42A7-BAF3-6CEED739B787}.Debug|Any CPU.ActiveCfg = Debug|Any CPU
		{ECF3F513-1483-42A7-BAF3-6CEED739B787}.Debug|Any CPU.Build.0 = Debug|Any CPU
		{ECF3F513-1483-42A7-BAF3-6CEED739B787}.Release|Any CPU.ActiveCfg = Release|Any CPU
		{ECF3F513-1483-42A7-BAF3-6CEED739B787}.Release|Any CPU.Build.0 = Release|Any CPU
		{409DA8EC-6613-4C33-B679-541084E2DFF0}.Debug|Any CPU.ActiveCfg = Debug|Any CPU
		{409DA8EC-6613-4C33-B679-541084E2DFF0}.Debug|Any CPU.Build.0 = Debug|Any CPU
		{409DA8EC-6613-4C33-B679-541084E2DFF0}.Release|Any CPU.ActiveCfg = Release|Any CPU
		{409DA8EC-6613-4C33-B679-541084E2DFF0}.Release|Any CPU.Build.0 = Release|Any CPU
	EndGlobalSection
	GlobalSection(SolutionProperties) = preSolution
		HideSolutionNode = FALSE
	EndGlobalSection
	GlobalSection(ExtensibilityGlobals) = postSolution
		SolutionGuid = {73DA8552-10CB-465F-9348-3B9983BBE65C}
	EndGlobalSection
EndGlobal
