
Microsoft Visual Studio Solution File, Format Version 12.00
# Visual Studio 15
VisualStudioVersion = 15.0.26730.3
MinimumVisualStudioVersion = 10.0.40219.1
Project("{FAE04EC0-301F-11D3-BF4B-00C04F79EFBC}") = "Task 1", "Task 1\Task 1.csproj", "{FC4D3C81-8FAF-4B24-AAC7-24655F39834F}"
EndProject
Project("{FAE04EC0-301F-11D3-BF4B-00C04F79EFBC}") = "Task 2", "Task 2\Task 2.csproj", "{DC1276E1-BF69-41FD-82E3-3D631F413A02}"
EndProject
Global
	GlobalSection(SolutionConfigurationPlatforms) = preSolution
		Debug|Any CPU = Debug|Any CPU
		Release|Any CPU = Release|Any CPU
	EndGlobalSection
	GlobalSection(ProjectConfigurationPlatforms) = postSolution
		{FC4D3C81-8FAF-4B24-AAC7-24655F39834F}.Debug|Any CPU.ActiveCfg = Debug|Any CPU
		{FC4D3C81-8FAF-4B24-AAC7-24655F39834F}.Debug|Any CPU.Build.0 = Debug|Any CPU
		{FC4D3C81-8FAF-4B24-AAC7-24655F39834F}.Release|Any CPU.ActiveCfg = Release|Any CPU
		{FC4D3C81-8FAF-4B24-AAC7-24655F39834F}.Release|Any CPU.Build.0 = Release|Any CPU
		{DC1276E1-BF69-41FD-82E3-3D631F413A02}.Debug|Any CPU.ActiveCfg = Debug|Any CPU
		{DC1276E1-BF69-41FD-82E3-3D631F413A02}.Debug|Any CPU.Build.0 = Debug|Any CPU
		{DC1276E1-BF69-41FD-82E3-3D631F413A02}.Release|Any CPU.ActiveCfg = Release|Any CPU
		{DC1276E1-BF69-41FD-82E3-3D631F413A02}.Release|Any CPU.Build.0 = Release|Any CPU
	EndGlobalSection
	GlobalSection(SolutionProperties) = preSolution
		HideSolutionNode = FALSE
	EndGlobalSection
	GlobalSection(ExtensibilityGlobals) = postSolution
		SolutionGuid = {80EDC4C3-4846-456C-8F3F-FAF920A9F5C2}
	EndGlobalSection
EndGlobal
