
Microsoft Visual Studio Solution File, Format Version 12.00
# Visual Studio 15
VisualStudioVersion = 15.0.26730.3
MinimumVisualStudioVersion = 10.0.40219.1
Project("{FAE04EC0-301F-11D3-BF4B-00C04F79EFBC}") = "Task 1", "Task 1\Task 1.csproj", "{0D726038-9F7A-4EC6-80D6-96A035FB3B23}"
EndProject
Project("{FAE04EC0-301F-11D3-BF4B-00C04F79EFBC}") = "Task 2", "Task 2\Task 2.csproj", "{77918087-7AF9-4B0F-A4DB-AC930A80672C}"
EndProject
Project("{FAE04EC0-301F-11D3-BF4B-00C04F79EFBC}") = "Task 3", "Task 3\Task 3.csproj", "{6567307B-CCA2-489D-9365-5D49E23EEC0D}"
EndProject
Project("{FAE04EC0-301F-11D3-BF4B-00C04F79EFBC}") = "Task 4", "Task 4\Task 4.csproj", "{D73D7AFD-CE27-4B1A-A020-CAB4C18F4CA4}"
EndProject
Project("{FAE04EC0-301F-11D3-BF4B-00C04F79EFBC}") = "Task 5", "Task 5\Task 5.csproj", "{2DF86665-ADDF-42DD-9BB1-40D4E072116C}"
EndProject
Project("{FAE04EC0-301F-11D3-BF4B-00C04F79EFBC}") = "Task 6", "Task 6\Task 6.csproj", "{A784F670-7A01-4DA9-98A8-8915F04A2C24}"
EndProject
Project("{FAE04EC0-301F-11D3-BF4B-00C04F79EFBC}") = "Task 7", "Task 7\Task 7.csproj", "{1B74E800-D99E-46F2-9A95-59FCC678908B}"
EndProject
Global
	GlobalSection(SolutionConfigurationPlatforms) = preSolution
		Debug|Any CPU = Debug|Any CPU
		Release|Any CPU = Release|Any CPU
	EndGlobalSection
	GlobalSection(ProjectConfigurationPlatforms) = postSolution
		{0D726038-9F7A-4EC6-80D6-96A035FB3B23}.Debug|Any CPU.ActiveCfg = Debug|Any CPU
		{0D726038-9F7A-4EC6-80D6-96A035FB3B23}.Debug|Any CPU.Build.0 = Debug|Any CPU
		{0D726038-9F7A-4EC6-80D6-96A035FB3B23}.Release|Any CPU.ActiveCfg = Release|Any CPU
		{0D726038-9F7A-4EC6-80D6-96A035FB3B23}.Release|Any CPU.Build.0 = Release|Any CPU
		{77918087-7AF9-4B0F-A4DB-AC930A80672C}.Debug|Any CPU.ActiveCfg = Debug|Any CPU
		{77918087-7AF9-4B0F-A4DB-AC930A80672C}.Debug|Any CPU.Build.0 = Debug|Any CPU
		{77918087-7AF9-4B0F-A4DB-AC930A80672C}.Release|Any CPU.ActiveCfg = Release|Any CPU
		{77918087-7AF9-4B0F-A4DB-AC930A80672C}.Release|Any CPU.Build.0 = Release|Any CPU
		{6567307B-CCA2-489D-9365-5D49E23EEC0D}.Debug|Any CPU.ActiveCfg = Debug|Any CPU
		{6567307B-CCA2-489D-9365-5D49E23EEC0D}.Debug|Any CPU.Build.0 = Debug|Any CPU
		{6567307B-CCA2-489D-9365-5D49E23EEC0D}.Release|Any CPU.ActiveCfg = Release|Any CPU
		{6567307B-CCA2-489D-9365-5D49E23EEC0D}.Release|Any CPU.Build.0 = Release|Any CPU
		{D73D7AFD-CE27-4B1A-A020-CAB4C18F4CA4}.Debug|Any CPU.ActiveCfg = Debug|Any CPU
		{D73D7AFD-CE27-4B1A-A020-CAB4C18F4CA4}.Debug|Any CPU.Build.0 = Debug|Any CPU
		{D73D7AFD-CE27-4B1A-A020-CAB4C18F4CA4}.Release|Any CPU.ActiveCfg = Release|Any CPU
		{D73D7AFD-CE27-4B1A-A020-CAB4C18F4CA4}.Release|Any CPU.Build.0 = Release|Any CPU
		{2DF86665-ADDF-42DD-9BB1-40D4E072116C}.Debug|Any CPU.ActiveCfg = Debug|Any CPU
		{2DF86665-ADDF-42DD-9BB1-40D4E072116C}.Debug|Any CPU.Build.0 = Debug|Any CPU
		{2DF86665-ADDF-42DD-9BB1-40D4E072116C}.Release|Any CPU.ActiveCfg = Release|Any CPU
		{2DF86665-ADDF-42DD-9BB1-40D4E072116C}.Release|Any CPU.Build.0 = Release|Any CPU
		{A784F670-7A01-4DA9-98A8-8915F04A2C24}.Debug|Any CPU.ActiveCfg = Debug|Any CPU
		{A784F670-7A01-4DA9-98A8-8915F04A2C24}.Debug|Any CPU.Build.0 = Debug|Any CPU
		{A784F670-7A01-4DA9-98A8-8915F04A2C24}.Release|Any CPU.ActiveCfg = Release|Any CPU
		{A784F670-7A01-4DA9-98A8-8915F04A2C24}.Release|Any CPU.Build.0 = Release|Any CPU
		{1B74E800-D99E-46F2-9A95-59FCC678908B}.Debug|Any CPU.ActiveCfg = Debug|Any CPU
		{1B74E800-D99E-46F2-9A95-59FCC678908B}.Debug|Any CPU.Build.0 = Debug|Any CPU
		{1B74E800-D99E-46F2-9A95-59FCC678908B}.Release|Any CPU.ActiveCfg = Release|Any CPU
		{1B74E800-D99E-46F2-9A95-59FCC678908B}.Release|Any CPU.Build.0 = Release|Any CPU
	EndGlobalSection
	GlobalSection(SolutionProperties) = preSolution
		HideSolutionNode = FALSE
	EndGlobalSection
	GlobalSection(ExtensibilityGlobals) = postSolution
		SolutionGuid = {1D7AFC85-0CD6-48F9-8FC5-5308AEBA8E0E}
	EndGlobalSection
EndGlobal
