
Microsoft Visual Studio Solution File, Format Version 12.00
# Visual Studio 15
VisualStudioVersion = 15.0.28307.572
MinimumVisualStudioVersion = 10.0.40219.1
Project("{FAE04EC0-301F-11D3-BF4B-00C04F79EFBC}") = "Task 1", "Task 1\Task 1.csproj", "{CE557BE8-E1A6-4277-BD24-A4203B83C0CD}"
EndProject
Project("{FAE04EC0-301F-11D3-BF4B-00C04F79EFBC}") = "Task 2", "Task 2\Task 2.csproj", "{BC2E2A0E-084E-4882-BA9C-71FBAE22DA36}"
EndProject
Project("{FAE04EC0-301F-11D3-BF4B-00C04F79EFBC}") = "Task 3", "Task 3\Task 3.csproj", "{35F9AB3F-D5DA-4B8E-BDAD-CDC516789358}"
EndProject
Global
	GlobalSection(SolutionConfigurationPlatforms) = preSolution
		Debug|Any CPU = Debug|Any CPU
		Release|Any CPU = Release|Any CPU
	EndGlobalSection
	GlobalSection(ProjectConfigurationPlatforms) = postSolution
		{CE557BE8-E1A6-4277-BD24-A4203B83C0CD}.Debug|Any CPU.ActiveCfg = Debug|Any CPU
		{CE557BE8-E1A6-4277-BD24-A4203B83C0CD}.Debug|Any CPU.Build.0 = Debug|Any CPU
		{CE557BE8-E1A6-4277-BD24-A4203B83C0CD}.Release|Any CPU.ActiveCfg = Release|Any CPU
		{CE557BE8-E1A6-4277-BD24-A4203B83C0CD}.Release|Any CPU.Build.0 = Release|Any CPU
		{BC2E2A0E-084E-4882-BA9C-71FBAE22DA36}.Debug|Any CPU.ActiveCfg = Debug|Any CPU
		{BC2E2A0E-084E-4882-BA9C-71FBAE22DA36}.Debug|Any CPU.Build.0 = Debug|Any CPU
		{BC2E2A0E-084E-4882-BA9C-71FBAE22DA36}.Release|Any CPU.ActiveCfg = Release|Any CPU
		{BC2E2A0E-084E-4882-BA9C-71FBAE22DA36}.Release|Any CPU.Build.0 = Release|Any CPU
		{35F9AB3F-D5DA-4B8E-BDAD-CDC516789358}.Debug|Any CPU.ActiveCfg = Debug|Any CPU
		{35F9AB3F-D5DA-4B8E-BDAD-CDC516789358}.Debug|Any CPU.Build.0 = Debug|Any CPU
		{35F9AB3F-D5DA-4B8E-BDAD-CDC516789358}.Release|Any CPU.ActiveCfg = Release|Any CPU
		{35F9AB3F-D5DA-4B8E-BDAD-CDC516789358}.Release|Any CPU.Build.0 = Release|Any CPU
	EndGlobalSection
	GlobalSection(SolutionProperties) = preSolution
		HideSolutionNode = FALSE
	EndGlobalSection
	GlobalSection(ExtensibilityGlobals) = postSolution
		SolutionGuid = {598BF3F2-8EA7-41C1-A7CE-4B28F0700358}
	EndGlobalSection
EndGlobal
