
Microsoft Visual Studio Solution File, Format Version 12.00
# Visual Studio 15
VisualStudioVersion = 15.0.26730.3
MinimumVisualStudioVersion = 10.0.40219.1
Project("{FAE04EC0-301F-11D3-BF4B-00C04F79EFBC}") = "Task 1", "Task 1\Task 1.csproj", "{D8131386-5D10-4326-9524-BA535762F036}"
EndProject
Project("{FAE04EC0-301F-11D3-BF4B-00C04F79EFBC}") = "Task 2", "Task 2\Task 2.csproj", "{AE0EB774-BDFB-4181-9A5D-E25FE2179D0C}"
EndProject
Project("{FAE04EC0-301F-11D3-BF4B-00C04F79EFBC}") = "Task 3", "Task 3\Task 3.csproj", "{810A6A51-DA65-4659-83CF-293945275DDE}"
EndProject
Project("{FAE04EC0-301F-11D3-BF4B-00C04F79EFBC}") = "Task 4", "Task 4\Task 4.csproj", "{0F721B81-B348-412A-A939-A09F02D77640}"
EndProject
Project("{FAE04EC0-301F-11D3-BF4B-00C04F79EFBC}") = "Task 5", "Task 5\Task 5.csproj", "{B91D0E42-C3F5-4FAE-B36C-935E55A6CBF8}"
EndProject
Project("{FAE04EC0-301F-11D3-BF4B-00C04F79EFBC}") = "Task 6", "Task 6\Task 6.csproj", "{7178C3A5-D11A-4FA7-87BE-7EB60CD74E0D}"
EndProject
Project("{FAE04EC0-301F-11D3-BF4B-00C04F79EFBC}") = "Task 7", "Task 7\Task 7.csproj", "{D216880F-BB85-4B28-B890-1F9C73A23445}"
EndProject
Project("{FAE04EC0-301F-11D3-BF4B-00C04F79EFBC}") = "Task 8", "Task 8\Task 8.csproj", "{8C98767D-CF14-4648-A307-E1763FFA6DBC}"
EndProject
Project("{FAE04EC0-301F-11D3-BF4B-00C04F79EFBC}") = "Task 9", "Task 9\Task 9.csproj", "{EB254B79-CDF7-468A-B7B4-FD1775EA903C}"
EndProject
Project("{FAE04EC0-301F-11D3-BF4B-00C04F79EFBC}") = "Task 10", "Task 10\Task 10.csproj", "{2799369A-1BE4-4792-9C21-2AD74FE8F803}"
EndProject
Project("{FAE04EC0-301F-11D3-BF4B-00C04F79EFBC}") = "Task 11", "Task 11\Task 11.csproj", "{DF0EA930-BB36-4B48-9D5E-B7C2EBC1C039}"
EndProject
Project("{FAE04EC0-301F-11D3-BF4B-00C04F79EFBC}") = "Task 12", "Task 12\Task 12.csproj", "{765D3295-A745-465A-972A-31D86DBBE121}"
EndProject
Project("{FAE04EC0-301F-11D3-BF4B-00C04F79EFBC}") = "Task 13", "Task 13\Task 13.csproj", "{FA7B7A6F-8D42-4908-920E-2602FBC82228}"
EndProject
Project("{FAE04EC0-301F-11D3-BF4B-00C04F79EFBC}") = "Task 14", "Task 14\Task 14.csproj", "{A9A7B8B3-BC93-4453-8560-1C63F24A4B9F}"
EndProject
Project("{FAE04EC0-301F-11D3-BF4B-00C04F79EFBC}") = "Task 15", "Task 15\Task 15.csproj", "{1CF7DB8E-AE09-4A56-8218-74AEC80EB84F}"
EndProject
Project("{FAE04EC0-301F-11D3-BF4B-00C04F79EFBC}") = "Task 15 (second variant)", "Task 16\Task 15 (second variant).csproj", "{4D064BE0-739C-425C-A210-C3433BEDDE20}"
EndProject
Project("{FAE04EC0-301F-11D3-BF4B-00C04F79EFBC}") = "Task 17", "Task 17\Task 17.csproj", "{A489DF04-E5EE-41F9-8007-519F3E471785}"
EndProject
Global
	GlobalSection(SolutionConfigurationPlatforms) = preSolution
		Debug|Any CPU = Debug|Any CPU
		Release|Any CPU = Release|Any CPU
	EndGlobalSection
	GlobalSection(ProjectConfigurationPlatforms) = postSolution
		{D8131386-5D10-4326-9524-BA535762F036}.Debug|Any CPU.ActiveCfg = Debug|Any CPU
		{D8131386-5D10-4326-9524-BA535762F036}.Debug|Any CPU.Build.0 = Debug|Any CPU
		{D8131386-5D10-4326-9524-BA535762F036}.Release|Any CPU.ActiveCfg = Release|Any CPU
		{D8131386-5D10-4326-9524-BA535762F036}.Release|Any CPU.Build.0 = Release|Any CPU
		{AE0EB774-BDFB-4181-9A5D-E25FE2179D0C}.Debug|Any CPU.ActiveCfg = Debug|Any CPU
		{AE0EB774-BDFB-4181-9A5D-E25FE2179D0C}.Debug|Any CPU.Build.0 = Debug|Any CPU
		{AE0EB774-BDFB-4181-9A5D-E25FE2179D0C}.Release|Any CPU.ActiveCfg = Release|Any CPU
		{AE0EB774-BDFB-4181-9A5D-E25FE2179D0C}.Release|Any CPU.Build.0 = Release|Any CPU
		{810A6A51-DA65-4659-83CF-293945275DDE}.Debug|Any CPU.ActiveCfg = Debug|Any CPU
		{810A6A51-DA65-4659-83CF-293945275DDE}.Debug|Any CPU.Build.0 = Debug|Any CPU
		{810A6A51-DA65-4659-83CF-293945275DDE}.Release|Any CPU.ActiveCfg = Release|Any CPU
		{810A6A51-DA65-4659-83CF-293945275DDE}.Release|Any CPU.Build.0 = Release|Any CPU
		{0F721B81-B348-412A-A939-A09F02D77640}.Debug|Any CPU.ActiveCfg = Debug|Any CPU
		{0F721B81-B348-412A-A939-A09F02D77640}.Debug|Any CPU.Build.0 = Debug|Any CPU
		{0F721B81-B348-412A-A939-A09F02D77640}.Release|Any CPU.ActiveCfg = Release|Any CPU
		{0F721B81-B348-412A-A939-A09F02D77640}.Release|Any CPU.Build.0 = Release|Any CPU
		{B91D0E42-C3F5-4FAE-B36C-935E55A6CBF8}.Debug|Any CPU.ActiveCfg = Debug|Any CPU
		{B91D0E42-C3F5-4FAE-B36C-935E55A6CBF8}.Debug|Any CPU.Build.0 = Debug|Any CPU
		{B91D0E42-C3F5-4FAE-B36C-935E55A6CBF8}.Release|Any CPU.ActiveCfg = Release|Any CPU
		{B91D0E42-C3F5-4FAE-B36C-935E55A6CBF8}.Release|Any CPU.Build.0 = Release|Any CPU
		{7178C3A5-D11A-4FA7-87BE-7EB60CD74E0D}.Debug|Any CPU.ActiveCfg = Debug|Any CPU
		{7178C3A5-D11A-4FA7-87BE-7EB60CD74E0D}.Debug|Any CPU.Build.0 = Debug|Any CPU
		{7178C3A5-D11A-4FA7-87BE-7EB60CD74E0D}.Release|Any CPU.ActiveCfg = Release|Any CPU
		{7178C3A5-D11A-4FA7-87BE-7EB60CD74E0D}.Release|Any CPU.Build.0 = Release|Any CPU
		{D216880F-BB85-4B28-B890-1F9C73A23445}.Debug|Any CPU.ActiveCfg = Debug|Any CPU
		{D216880F-BB85-4B28-B890-1F9C73A23445}.Debug|Any CPU.Build.0 = Debug|Any CPU
		{D216880F-BB85-4B28-B890-1F9C73A23445}.Release|Any CPU.ActiveCfg = Release|Any CPU
		{D216880F-BB85-4B28-B890-1F9C73A23445}.Release|Any CPU.Build.0 = Release|Any CPU
		{8C98767D-CF14-4648-A307-E1763FFA6DBC}.Debug|Any CPU.ActiveCfg = Debug|Any CPU
		{8C98767D-CF14-4648-A307-E1763FFA6DBC}.Debug|Any CPU.Build.0 = Debug|Any CPU
		{8C98767D-CF14-4648-A307-E1763FFA6DBC}.Release|Any CPU.ActiveCfg = Release|Any CPU
		{8C98767D-CF14-4648-A307-E1763FFA6DBC}.Release|Any CPU.Build.0 = Release|Any CPU
		{EB254B79-CDF7-468A-B7B4-FD1775EA903C}.Debug|Any CPU.ActiveCfg = Debug|Any CPU
		{EB254B79-CDF7-468A-B7B4-FD1775EA903C}.Debug|Any CPU.Build.0 = Debug|Any CPU
		{EB254B79-CDF7-468A-B7B4-FD1775EA903C}.Release|Any CPU.ActiveCfg = Release|Any CPU
		{EB254B79-CDF7-468A-B7B4-FD1775EA903C}.Release|Any CPU.Build.0 = Release|Any CPU
		{2799369A-1BE4-4792-9C21-2AD74FE8F803}.Debug|Any CPU.ActiveCfg = Debug|Any CPU
		{2799369A-1BE4-4792-9C21-2AD74FE8F803}.Debug|Any CPU.Build.0 = Debug|Any CPU
		{2799369A-1BE4-4792-9C21-2AD74FE8F803}.Release|Any CPU.ActiveCfg = Release|Any CPU
		{2799369A-1BE4-4792-9C21-2AD74FE8F803}.Release|Any CPU.Build.0 = Release|Any CPU
		{DF0EA930-BB36-4B48-9D5E-B7C2EBC1C039}.Debug|Any CPU.ActiveCfg = Debug|Any CPU
		{DF0EA930-BB36-4B48-9D5E-B7C2EBC1C039}.Debug|Any CPU.Build.0 = Debug|Any CPU
		{DF0EA930-BB36-4B48-9D5E-B7C2EBC1C039}.Release|Any CPU.ActiveCfg = Release|Any CPU
		{DF0EA930-BB36-4B48-9D5E-B7C2EBC1C039}.Release|Any CPU.Build.0 = Release|Any CPU
		{765D3295-A745-465A-972A-31D86DBBE121}.Debug|Any CPU.ActiveCfg = Debug|Any CPU
		{765D3295-A745-465A-972A-31D86DBBE121}.Debug|Any CPU.Build.0 = Debug|Any CPU
		{765D3295-A745-465A-972A-31D86DBBE121}.Release|Any CPU.ActiveCfg = Release|Any CPU
		{765D3295-A745-465A-972A-31D86DBBE121}.Release|Any CPU.Build.0 = Release|Any CPU
		{FA7B7A6F-8D42-4908-920E-2602FBC82228}.Debug|Any CPU.ActiveCfg = Debug|Any CPU
		{FA7B7A6F-8D42-4908-920E-2602FBC82228}.Debug|Any CPU.Build.0 = Debug|Any CPU
		{FA7B7A6F-8D42-4908-920E-2602FBC82228}.Release|Any CPU.ActiveCfg = Release|Any CPU
		{FA7B7A6F-8D42-4908-920E-2602FBC82228}.Release|Any CPU.Build.0 = Release|Any CPU
		{A9A7B8B3-BC93-4453-8560-1C63F24A4B9F}.Debug|Any CPU.ActiveCfg = Debug|Any CPU
		{A9A7B8B3-BC93-4453-8560-1C63F24A4B9F}.Debug|Any CPU.Build.0 = Debug|Any CPU
		{A9A7B8B3-BC93-4453-8560-1C63F24A4B9F}.Release|Any CPU.ActiveCfg = Release|Any CPU
		{A9A7B8B3-BC93-4453-8560-1C63F24A4B9F}.Release|Any CPU.Build.0 = Release|Any CPU
		{1CF7DB8E-AE09-4A56-8218-74AEC80EB84F}.Debug|Any CPU.ActiveCfg = Debug|Any CPU
		{1CF7DB8E-AE09-4A56-8218-74AEC80EB84F}.Debug|Any CPU.Build.0 = Debug|Any CPU
		{1CF7DB8E-AE09-4A56-8218-74AEC80EB84F}.Release|Any CPU.ActiveCfg = Release|Any CPU
		{1CF7DB8E-AE09-4A56-8218-74AEC80EB84F}.Release|Any CPU.Build.0 = Release|Any CPU
		{4D064BE0-739C-425C-A210-C3433BEDDE20}.Debug|Any CPU.ActiveCfg = Debug|Any CPU
		{4D064BE0-739C-425C-A210-C3433BEDDE20}.Debug|Any CPU.Build.0 = Debug|Any CPU
		{4D064BE0-739C-425C-A210-C3433BEDDE20}.Release|Any CPU.ActiveCfg = Release|Any CPU
		{4D064BE0-739C-425C-A210-C3433BEDDE20}.Release|Any CPU.Build.0 = Release|Any CPU
		{A489DF04-E5EE-41F9-8007-519F3E471785}.Debug|Any CPU.ActiveCfg = Debug|Any CPU
		{A489DF04-E5EE-41F9-8007-519F3E471785}.Debug|Any CPU.Build.0 = Debug|Any CPU
		{A489DF04-E5EE-41F9-8007-519F3E471785}.Release|Any CPU.ActiveCfg = Release|Any CPU
		{A489DF04-E5EE-41F9-8007-519F3E471785}.Release|Any CPU.Build.0 = Release|Any CPU
	EndGlobalSection
	GlobalSection(SolutionProperties) = preSolution
		HideSolutionNode = FALSE
	EndGlobalSection
	GlobalSection(ExtensibilityGlobals) = postSolution
		SolutionGuid = {58D8CEDC-FD48-48A2-9E92-511473626ECA}
	EndGlobalSection
EndGlobal
