
Microsoft Visual Studio Solution File, Format Version 12.00
# Visual Studio 15
VisualStudioVersion = 15.0.26730.3
MinimumVisualStudioVersion = 10.0.40219.1
Project("{FAE04EC0-301F-11D3-BF4B-00C04F79EFBC}") = "Task 1", "Task 1\Task 1.csproj", "{C9878679-27EB-423E-9A2F-B32C075A35E1}"
EndProject
Project("{FAE04EC0-301F-11D3-BF4B-00C04F79EFBC}") = "Task 2", "Task 2\Task 2.csproj", "{DBE386FF-F04C-435C-BB90-91A53293876B}"
EndProject
Project("{FAE04EC0-301F-11D3-BF4B-00C04F79EFBC}") = "Task 3", "Task 3\Task 3.csproj", "{F5D10224-62B3-46E3-8406-11B22CE04B4F}"
EndProject
Global
	GlobalSection(SolutionConfigurationPlatforms) = preSolution
		Debug|Any CPU = Debug|Any CPU
		Release|Any CPU = Release|Any CPU
	EndGlobalSection
	GlobalSection(ProjectConfigurationPlatforms) = postSolution
		{C9878679-27EB-423E-9A2F-B32C075A35E1}.Debug|Any CPU.ActiveCfg = Debug|Any CPU
		{C9878679-27EB-423E-9A2F-B32C075A35E1}.Debug|Any CPU.Build.0 = Debug|Any CPU
		{C9878679-27EB-423E-9A2F-B32C075A35E1}.Release|Any CPU.ActiveCfg = Release|Any CPU
		{C9878679-27EB-423E-9A2F-B32C075A35E1}.Release|Any CPU.Build.0 = Release|Any CPU
		{DBE386FF-F04C-435C-BB90-91A53293876B}.Debug|Any CPU.ActiveCfg = Debug|Any CPU
		{DBE386FF-F04C-435C-BB90-91A53293876B}.Debug|Any CPU.Build.0 = Debug|Any CPU
		{DBE386FF-F04C-435C-BB90-91A53293876B}.Release|Any CPU.ActiveCfg = Release|Any CPU
		{DBE386FF-F04C-435C-BB90-91A53293876B}.Release|Any CPU.Build.0 = Release|Any CPU
		{F5D10224-62B3-46E3-8406-11B22CE04B4F}.Debug|Any CPU.ActiveCfg = Debug|Any CPU
		{F5D10224-62B3-46E3-8406-11B22CE04B4F}.Debug|Any CPU.Build.0 = Debug|Any CPU
		{F5D10224-62B3-46E3-8406-11B22CE04B4F}.Release|Any CPU.ActiveCfg = Release|Any CPU
		{F5D10224-62B3-46E3-8406-11B22CE04B4F}.Release|Any CPU.Build.0 = Release|Any CPU
	EndGlobalSection
	GlobalSection(SolutionProperties) = preSolution
		HideSolutionNode = FALSE
	EndGlobalSection
	GlobalSection(ExtensibilityGlobals) = postSolution
		SolutionGuid = {446025CB-A948-4F75-B959-3EA43685E841}
	EndGlobalSection
EndGlobal
