
Microsoft Visual Studio Solution File, Format Version 12.00
# Visual Studio 15
VisualStudioVersion = 15.0.28307.421
MinimumVisualStudioVersion = 10.0.40219.1
Project("{FAE04EC0-301F-11D3-BF4B-00C04F79EFBC}") = "Task 1", "Task 1\Task 1.csproj", "{9EB18620-74A8-4390-BA27-5B57F12D64C2}"
EndProject
Global
	GlobalSection(SolutionConfigurationPlatforms) = preSolution
		Debug|Any CPU = Debug|Any CPU
		Release|Any CPU = Release|Any CPU
	EndGlobalSection
	GlobalSection(ProjectConfigurationPlatforms) = postSolution
		{9EB18620-74A8-4390-BA27-5B57F12D64C2}.Debug|Any CPU.ActiveCfg = Debug|Any CPU
		{9EB18620-74A8-4390-BA27-5B57F12D64C2}.Debug|Any CPU.Build.0 = Debug|Any CPU
		{9EB18620-74A8-4390-BA27-5B57F12D64C2}.Release|Any CPU.ActiveCfg = Release|Any CPU
		{9EB18620-74A8-4390-BA27-5B57F12D64C2}.Release|Any CPU.Build.0 = Release|Any CPU
	EndGlobalSection
	GlobalSection(SolutionProperties) = preSolution
		HideSolutionNode = FALSE
	EndGlobalSection
	GlobalSection(ExtensibilityGlobals) = postSolution
		SolutionGuid = {1C3AF07A-CB29-4637-BD07-B5955619CE17}
	EndGlobalSection
EndGlobal
