
Microsoft Visual Studio Solution File, Format Version 12.00
# Visual Studio 15
VisualStudioVersion = 15.0.28307.572
MinimumVisualStudioVersion = 10.0.40219.1
Project("{FAE04EC0-301F-11D3-BF4B-00C04F79EFBC}") = "Task1", "Task1\Task1.csproj", "{85C941D5-FBF3-4D91-95D6-B74FBFD82155}"
EndProject
Project("{FAE04EC0-301F-11D3-BF4B-00C04F79EFBC}") = "Task2", "Task\Task2.csproj", "{5BDAD4E2-C3B4-415A-ADB8-37C52E61B13B}"
EndProject
Project("{FAE04EC0-301F-11D3-BF4B-00C04F79EFBC}") = "Task3", "Task3\Task3.csproj", "{604EC4FF-8B3E-4B84-BABF-F6A7215FC1B4}"
EndProject
Global
	GlobalSection(SolutionConfigurationPlatforms) = preSolution
		Debug|Any CPU = Debug|Any CPU
		Release|Any CPU = Release|Any CPU
	EndGlobalSection
	GlobalSection(ProjectConfigurationPlatforms) = postSolution
		{85C941D5-FBF3-4D91-95D6-B74FBFD82155}.Debug|Any CPU.ActiveCfg = Debug|Any CPU
		{85C941D5-FBF3-4D91-95D6-B74FBFD82155}.Debug|Any CPU.Build.0 = Debug|Any CPU
		{85C941D5-FBF3-4D91-95D6-B74FBFD82155}.Release|Any CPU.ActiveCfg = Release|Any CPU
		{85C941D5-FBF3-4D91-95D6-B74FBFD82155}.Release|Any CPU.Build.0 = Release|Any CPU
		{5BDAD4E2-C3B4-415A-ADB8-37C52E61B13B}.Debug|Any CPU.ActiveCfg = Debug|Any CPU
		{5BDAD4E2-C3B4-415A-ADB8-37C52E61B13B}.Debug|Any CPU.Build.0 = Debug|Any CPU
		{5BDAD4E2-C3B4-415A-ADB8-37C52E61B13B}.Release|Any CPU.ActiveCfg = Release|Any CPU
		{5BDAD4E2-C3B4-415A-ADB8-37C52E61B13B}.Release|Any CPU.Build.0 = Release|Any CPU
		{604EC4FF-8B3E-4B84-BABF-F6A7215FC1B4}.Debug|Any CPU.ActiveCfg = Debug|Any CPU
		{604EC4FF-8B3E-4B84-BABF-F6A7215FC1B4}.Debug|Any CPU.Build.0 = Debug|Any CPU
		{604EC4FF-8B3E-4B84-BABF-F6A7215FC1B4}.Release|Any CPU.ActiveCfg = Release|Any CPU
		{604EC4FF-8B3E-4B84-BABF-F6A7215FC1B4}.Release|Any CPU.Build.0 = Release|Any CPU
	EndGlobalSection
	GlobalSection(SolutionProperties) = preSolution
		HideSolutionNode = FALSE
	EndGlobalSection
	GlobalSection(ExtensibilityGlobals) = postSolution
		SolutionGuid = {2B7EB8EE-A2D8-4671-966A-8D6D9C24EF42}
	EndGlobalSection
EndGlobal
