
Microsoft Visual Studio Solution File, Format Version 12.00
# Visual Studio 15
VisualStudioVersion = 15.0.28307.572
MinimumVisualStudioVersion = 10.0.40219.1
Project("{FAE04EC0-301F-11D3-BF4B-00C04F79EFBC}") = "Task 1", "Task 1\Task 1.csproj", "{FBEA69F4-9FC7-4E6C-8C1B-3C3FB0780DAD}"
EndProject
Project("{FAE04EC0-301F-11D3-BF4B-00C04F79EFBC}") = "Task 2", "Task2\Task 2.csproj", "{37138665-4EAF-4AA7-855E-F22AC0BCFC95}"
EndProject
Project("{FAE04EC0-301F-11D3-BF4B-00C04F79EFBC}") = "Task 3", "Task 3\Task 3.csproj", "{97052480-37E9-4CF0-8D44-D51C669AFF3C}"
EndProject
Project("{FAE04EC0-301F-11D3-BF4B-00C04F79EFBC}") = "Task 4", "Task 4\Task 4.csproj", "{9B22600D-A89F-4A02-A4FF-678DB96369B9}"
EndProject
Project("{FAE04EC0-301F-11D3-BF4B-00C04F79EFBC}") = "Task 5", "Task 5\Task 5.csproj", "{2C9556D4-2A3B-4C2B-9EDB-31CF1D62204B}"
EndProject
Project("{FAE04EC0-301F-11D3-BF4B-00C04F79EFBC}") = "Task 6", "Task 6\Task 6.csproj", "{4630756F-2CE8-465A-873B-DE09FF5A3B4D}"
EndProject
Project("{FAE04EC0-301F-11D3-BF4B-00C04F79EFBC}") = "Task 7", "Task 7\Task 7.csproj", "{1318AD25-E294-4196-9A30-F8D1B1C661AA}"
EndProject
Project("{FAE04EC0-301F-11D3-BF4B-00C04F79EFBC}") = "Task 8", "Task 8\Task 8.csproj", "{59A6DDCD-1FD1-4E64-A868-7F9CC7FB1815}"
EndProject
Global
	GlobalSection(SolutionConfigurationPlatforms) = preSolution
		Debug|Any CPU = Debug|Any CPU
		Release|Any CPU = Release|Any CPU
	EndGlobalSection
	GlobalSection(ProjectConfigurationPlatforms) = postSolution
		{FBEA69F4-9FC7-4E6C-8C1B-3C3FB0780DAD}.Debug|Any CPU.ActiveCfg = Debug|Any CPU
		{FBEA69F4-9FC7-4E6C-8C1B-3C3FB0780DAD}.Debug|Any CPU.Build.0 = Debug|Any CPU
		{FBEA69F4-9FC7-4E6C-8C1B-3C3FB0780DAD}.Release|Any CPU.ActiveCfg = Release|Any CPU
		{FBEA69F4-9FC7-4E6C-8C1B-3C3FB0780DAD}.Release|Any CPU.Build.0 = Release|Any CPU
		{37138665-4EAF-4AA7-855E-F22AC0BCFC95}.Debug|Any CPU.ActiveCfg = Debug|Any CPU
		{37138665-4EAF-4AA7-855E-F22AC0BCFC95}.Debug|Any CPU.Build.0 = Debug|Any CPU
		{37138665-4EAF-4AA7-855E-F22AC0BCFC95}.Release|Any CPU.ActiveCfg = Release|Any CPU
		{37138665-4EAF-4AA7-855E-F22AC0BCFC95}.Release|Any CPU.Build.0 = Release|Any CPU
		{97052480-37E9-4CF0-8D44-D51C669AFF3C}.Debug|Any CPU.ActiveCfg = Debug|Any CPU
		{97052480-37E9-4CF0-8D44-D51C669AFF3C}.Debug|Any CPU.Build.0 = Debug|Any CPU
		{97052480-37E9-4CF0-8D44-D51C669AFF3C}.Release|Any CPU.ActiveCfg = Release|Any CPU
		{97052480-37E9-4CF0-8D44-D51C669AFF3C}.Release|Any CPU.Build.0 = Release|Any CPU
		{9B22600D-A89F-4A02-A4FF-678DB96369B9}.Debug|Any CPU.ActiveCfg = Debug|Any CPU
		{9B22600D-A89F-4A02-A4FF-678DB96369B9}.Debug|Any CPU.Build.0 = Debug|Any CPU
		{9B22600D-A89F-4A02-A4FF-678DB96369B9}.Release|Any CPU.ActiveCfg = Release|Any CPU
		{9B22600D-A89F-4A02-A4FF-678DB96369B9}.Release|Any CPU.Build.0 = Release|Any CPU
		{2C9556D4-2A3B-4C2B-9EDB-31CF1D62204B}.Debug|Any CPU.ActiveCfg = Debug|Any CPU
		{2C9556D4-2A3B-4C2B-9EDB-31CF1D62204B}.Debug|Any CPU.Build.0 = Debug|Any CPU
		{2C9556D4-2A3B-4C2B-9EDB-31CF1D62204B}.Release|Any CPU.ActiveCfg = Release|Any CPU
		{2C9556D4-2A3B-4C2B-9EDB-31CF1D62204B}.Release|Any CPU.Build.0 = Release|Any CPU
		{4630756F-2CE8-465A-873B-DE09FF5A3B4D}.Debug|Any CPU.ActiveCfg = Debug|Any CPU
		{4630756F-2CE8-465A-873B-DE09FF5A3B4D}.Debug|Any CPU.Build.0 = Debug|Any CPU
		{4630756F-2CE8-465A-873B-DE09FF5A3B4D}.Release|Any CPU.ActiveCfg = Release|Any CPU
		{4630756F-2CE8-465A-873B-DE09FF5A3B4D}.Release|Any CPU.Build.0 = Release|Any CPU
		{1318AD25-E294-4196-9A30-F8D1B1C661AA}.Debug|Any CPU.ActiveCfg = Debug|Any CPU
		{1318AD25-E294-4196-9A30-F8D1B1C661AA}.Debug|Any CPU.Build.0 = Debug|Any CPU
		{1318AD25-E294-4196-9A30-F8D1B1C661AA}.Release|Any CPU.ActiveCfg = Release|Any CPU
		{1318AD25-E294-4196-9A30-F8D1B1C661AA}.Release|Any CPU.Build.0 = Release|Any CPU
		{59A6DDCD-1FD1-4E64-A868-7F9CC7FB1815}.Debug|Any CPU.ActiveCfg = Debug|Any CPU
		{59A6DDCD-1FD1-4E64-A868-7F9CC7FB1815}.Debug|Any CPU.Build.0 = Debug|Any CPU
		{59A6DDCD-1FD1-4E64-A868-7F9CC7FB1815}.Release|Any CPU.ActiveCfg = Release|Any CPU
		{59A6DDCD-1FD1-4E64-A868-7F9CC7FB1815}.Release|Any CPU.Build.0 = Release|Any CPU
	EndGlobalSection
	GlobalSection(SolutionProperties) = preSolution
		HideSolutionNode = FALSE
	EndGlobalSection
	GlobalSection(ExtensibilityGlobals) = postSolution
		SolutionGuid = {D8FEABCC-019C-4AFF-AAF4-C0EB3B9615AF}
	EndGlobalSection
EndGlobal
