
Microsoft Visual Studio Solution File, Format Version 12.00
# Visual Studio 15
VisualStudioVersion = 15.0.28307.572
MinimumVisualStudioVersion = 10.0.40219.1
Project("{FAE04EC0-301F-11D3-BF4B-00C04F79EFBC}") = "Iterator", "Iterator\Iterator.csproj", "{B6A06762-7998-4CC9-B9EC-D529ED33195A}"
EndProject
Global
	GlobalSection(SolutionConfigurationPlatforms) = preSolution
		Debug|Any CPU = Debug|Any CPU
		Release|Any CPU = Release|Any CPU
	EndGlobalSection
	GlobalSection(ProjectConfigurationPlatforms) = postSolution
		{B6A06762-7998-4CC9-B9EC-D529ED33195A}.Debug|Any CPU.ActiveCfg = Debug|Any CPU
		{B6A06762-7998-4CC9-B9EC-D529ED33195A}.Debug|Any CPU.Build.0 = Debug|Any CPU
		{B6A06762-7998-4CC9-B9EC-D529ED33195A}.Release|Any CPU.ActiveCfg = Release|Any CPU
		{B6A06762-7998-4CC9-B9EC-D529ED33195A}.Release|Any CPU.Build.0 = Release|Any CPU
	EndGlobalSection
	GlobalSection(SolutionProperties) = preSolution
		HideSolutionNode = FALSE
	EndGlobalSection
	GlobalSection(ExtensibilityGlobals) = postSolution
		SolutionGuid = {0D7A8EDD-0B14-4EAF-B786-EEC424071D41}
	EndGlobalSection
EndGlobal
