
Microsoft Visual Studio Solution File, Format Version 12.00
# Visual Studio 15
VisualStudioVersion = 15.0.26730.3
MinimumVisualStudioVersion = 10.0.40219.1
Project("{FAE04EC0-301F-11D3-BF4B-00C04F79EFBC}") = "Task 1", "Task 1\Task 1.csproj", "{3DA40F85-161B-42FD-A769-DFE3E6EAF9EB}"
EndProject
Global
	GlobalSection(SolutionConfigurationPlatforms) = preSolution
		Debug|Any CPU = Debug|Any CPU
		Release|Any CPU = Release|Any CPU
	EndGlobalSection
	GlobalSection(ProjectConfigurationPlatforms) = postSolution
		{3DA40F85-161B-42FD-A769-DFE3E6EAF9EB}.Debug|Any CPU.ActiveCfg = Debug|Any CPU
		{3DA40F85-161B-42FD-A769-DFE3E6EAF9EB}.Debug|Any CPU.Build.0 = Debug|Any CPU
		{3DA40F85-161B-42FD-A769-DFE3E6EAF9EB}.Release|Any CPU.ActiveCfg = Release|Any CPU
		{3DA40F85-161B-42FD-A769-DFE3E6EAF9EB}.Release|Any CPU.Build.0 = Release|Any CPU
	EndGlobalSection
	GlobalSection(SolutionProperties) = preSolution
		HideSolutionNode = FALSE
	EndGlobalSection
	GlobalSection(ExtensibilityGlobals) = postSolution
		SolutionGuid = {4CF60677-F9DF-42C7-A21E-5D98C0F1C45F}
	EndGlobalSection
EndGlobal
